// !$*UTF8*$!
{
	archiveVersion = 1;
	classes = {
	};
	objectVersion = 50;
	objects = {

/* Begin PBXBuildFile section */
		89960EE3212B0361002022CC /* AppDelegate.swift in Sources */ = {isa = PBXBuildFile; fileRef = 89960EE2212B0361002022CC /* AppDelegate.swift */; };
		89960EE5212B0361002022CC /* ViewController.swift in Sources */ = {isa = PBXBuildFile; fileRef = 89960EE4212B0361002022CC /* ViewController.swift */; };
		89960EE8212B0361002022CC /* Main.storyboard in Resources */ = {isa = PBXBuildFile; fileRef = 89960EE6212B0361002022CC /* Main.storyboard */; };
		89960EEA212B0362002022CC /* Assets.xcassets in Resources */ = {isa = PBXBuildFile; fileRef = 89960EE9212B0362002022CC /* Assets.xcassets */; };
		89960EED212B0362002022CC /* LaunchScreen.storyboard in Resources */ = {isa = PBXBuildFile; fileRef = 89960EEB212B0362002022CC /* LaunchScreen.storyboard */; };
		89960EF8212B0362002022CC /* __LimitInputTextTests.swift in Sources */ = {isa = PBXBuildFile; fileRef = 89960EF7212B0362002022CC /* __LimitInputTextTests.swift */; };
		89960F03212B0362002022CC /* __LimitInputTextUITests.swift in Sources */ = {isa = PBXBuildFile; fileRef = 89960F02212B0362002022CC /* __LimitInputTextUITests.swift */; };
		89960F11212B0A99002022CC /* xp.jpeg in Resources */ = {isa = PBXBuildFile; fileRef = 89960F10212B0A99002022CC /* xp.jpeg */; };
/* End PBXBuildFile section */

/* Begin PBXContainerItemProxy section */
		89960EF4212B0362002022CC /* PBXContainerItemProxy */ = {
			isa = PBXContainerItemProxy;
			containerPortal = 89960ED7212B0361002022CC /* Project object */;
			proxyType = 1;
			remoteGlobalIDString = 89960EDE212B0361002022CC;
			remoteInfo = 4.LimitInputText;
		};
		89960EFF212B0362002022CC /* PBXContainerItemProxy */ = {
			isa = PBXContainerItemProxy;
			containerPortal = 89960ED7212B0361002022CC /* Project object */;
			proxyType = 1;
			remoteGlobalIDString = 89960EDE212B0361002022CC;
			remoteInfo = 4.LimitInputText;
		};
/* End PBXContainerItemProxy section */

/* Begin PBXFileReference section */
		89960EDF212B0361002022CC /* 4.LimitInputText.app */ = {isa = PBXFileReference; explicitFileType = wrapper.application; includeInIndex = 0; path = 4.LimitInputText.app; sourceTree = BUILT_PRODUCTS_DIR; };
		89960EE2212B0361002022CC /* AppDelegate.swift */ = {isa = PBXFileReference; lastKnownFileType = sourcecode.swift; path = AppDelegate.swift; sourceTree = "<group>"; };
		89960EE4212B0361002022CC /* ViewController.swift */ = {isa = PBXFileReference; lastKnownFileType = sourcecode.swift; path = ViewController.swift; sourceTree = "<group>"; };
		89960EE7212B0361002022CC /* Base */ = {isa = PBXFileReference; lastKnownFileType = file.storyboard; name = Base; path = Base.lproj/Main.storyboard; sourceTree = "<group>"; };
		89960EE9212B0362002022CC /* Assets.xcassets */ = {isa = PBXFileReference; lastKnownFileType = folder.assetcatalog; path = Assets.xcassets; sourceTree = "<group>"; };
		89960EEC212B0362002022CC /* Base */ = {isa = PBXFileReference; lastKnownFileType = file.storyboard; name = Base; path = Base.lproj/LaunchScreen.storyboard; sourceTree = "<group>"; };
		89960EEE212B0362002022CC /* Info.plist */ = {isa = PBXFileReference; lastKnownFileType = text.plist.xml; path = Info.plist; sourceTree = "<group>"; };
		89960EF3212B0362002022CC /* 4.LimitInputTextTests.xctest */ = {isa = PBXFileReference; explicitFileType = wrapper.cfbundle; includeInIndex = 0; path = 4.LimitInputTextTests.xctest; sourceTree = BUILT_PRODUCTS_DIR; };
		89960EF7212B0362002022CC /* __LimitInputTextTests.swift */ = {isa = PBXFileReference; lastKnownFileType = sourcecode.swift; path = __LimitInputTextTests.swift; sourceTree = "<group>"; };
		89960EF9212B0362002022CC /* Info.plist */ = {isa = PBXFileReference; lastKnownFileType = text.plist.xml; path = Info.plist; sourceTree = "<group>"; };
		89960EFE212B0362002022CC /* 4.LimitInputTextUITests.xctest */ = {isa = PBXFileReference; explicitFileType = wrapper.cfbundle; includeInIndex = 0; path = 4.LimitInputTextUITests.xctest; sourceTree = BUILT_PRODUCTS_DIR; };
		89960F02212B0362002022CC /* __LimitInputTextUITests.swift */ = {isa = PBXFileReference; lastKnownFileType = sourcecode.swift; path = __LimitInputTextUITests.swift; sourceTree = "<group>"; };
		89960F04212B0362002022CC /* Info.plist */ = {isa = PBXFileReference; lastKnownFileType = text.plist.xml; path = Info.plist; sourceTree = "<group>"; };
		89960F10212B0A99002022CC /* xp.jpeg */ = {isa = PBXFileReference; lastKnownFileType = image.jpeg; name = xp.jpeg; path = ../../../Pictures/xp.jpeg; sourceTree = "<group>"; };
/* End PBXFileReference section */

/* Begin PBXFrameworksBuildPhase section */
		89960EDC212B0361002022CC /* Frameworks */ = {
			isa = PBXFrameworksBuildPhase;
			buildActionMask = 2147483647;
			files = (
			);
			runOnlyForDeploymentPostprocessing = 0;
		};
		89960EF0212B0362002022CC /* Frameworks */ = {
			isa = PBXFrameworksBuildPhase;
			buildActionMask = 2147483647;
			files = (
			);
			runOnlyForDeploymentPostprocessing = 0;
		};
		89960EFB212B0362002022CC /* Frameworks */ = {
			isa = PBXFrameworksBuildPhase;
			buildActionMask = 2147483647;
			files = (
			);
			runOnlyForDeploymentPostprocessing = 0;
		};
/* End PBXFrameworksBuildPhase section */

/* Begin PBXGroup section */
		89960ED6212B0361002022CC = {
			isa = PBXGroup;
			children = (
				89960EE1212B0361002022CC /* 4.LimitInputText */,
				89960EF6212B0362002022CC /* 4.LimitInputTextTests */,
				89960F01212B0362002022CC /* 4.LimitInputTextUITests */,
				89960EE0212B0361002022CC /* Products */,
			);
			sourceTree = "<group>";
		};
		89960EE0212B0361002022CC /* Products */ = {
			isa = PBXGroup;
			children = (
				89960EDF212B0361002022CC /* 4.LimitInputText.app */,
				89960EF3212B0362002022CC /* 4.LimitInputTextTests.xctest */,
				89960EFE212B0362002022CC /* 4.LimitInputTextUITests.xctest */,
			);
			name = Products;
			sourceTree = "<group>";
		};
		89960EE1212B0361002022CC /* 4.LimitInputText */ = {
			isa = PBXGroup;
			children = (
				89960F10212B0A99002022CC /* xp.jpeg */,
				89960EE2212B0361002022CC /* AppDelegate.swift */,
				89960EE4212B0361002022CC /* ViewController.swift */,
				89960EE6212B0361002022CC /* Main.storyboard */,
				89960EE9212B0362002022CC /* Assets.xcassets */,
				89960EEB212B0362002022CC /* LaunchScreen.storyboard */,
				89960EEE212B0362002022CC /* Info.plist */,
			);
			path = 4.LimitInputText;
			sourceTree = "<group>";
		};
		89960EF6212B0362002022CC /* 4.LimitInputTextTests */ = {
			isa = PBXGroup;
			children = (
				89960EF7212B0362002022CC /* __LimitInputTextTests.swift */,
				89960EF9212B0362002022CC /* Info.plist */,
			);
			path = 4.LimitInputTextTests;
			sourceTree = "<group>";
		};
		89960F01212B0362002022CC /* 4.LimitInputTextUITests */ = {
			isa = PBXGroup;
			children = (
				89960F02212B0362002022CC /* __LimitInputTextUITests.swift */,
				89960F04212B0362002022CC /* Info.plist */,
			);
			path = 4.LimitInputTextUITests;
			sourceTree = "<group>";
		};
/* End PBXGroup section */

/* Begin PBXNativeTarget section */
		89960EDE212B0361002022CC /* 4.LimitInputText */ = {
			isa = PBXNativeTarget;
			buildConfigurationList = 89960F07212B0362002022CC /* Build configuration list for PBXNativeTarget "4.LimitInputText" */;
			buildPhases = (
				89960EDB212B0361002022CC /* Sources */,
				89960EDC212B0361002022CC /* Frameworks */,
				89960EDD212B0361002022CC /* Resources */,
			);
			buildRules = (
			);
			dependencies = (
			);
			name = 4.LimitInputText;
			productName = 4.LimitInputText;
			productReference = 89960EDF212B0361002022CC /* 4.LimitInputText.app */;
			productType = "com.apple.product-type.application";
		};
		89960EF2212B0362002022CC /* 4.LimitInputTextTests */ = {
			isa = PBXNativeTarget;
			buildConfigurationList = 89960F0A212B0362002022CC /* Build configuration list for PBXNativeTarget "4.LimitInputTextTests" */;
			buildPhases = (
				89960EEF212B0362002022CC /* Sources */,
				89960EF0212B0362002022CC /* Frameworks */,
				89960EF1212B0362002022CC /* Resources */,
			);
			buildRules = (
			);
			dependencies = (
				89960EF5212B0362002022CC /* PBXTargetDependency */,
			);
			name = 4.LimitInputTextTests;
			productName = 4.LimitInputTextTests;
			productReference = 89960EF3212B0362002022CC /* 4.LimitInputTextTests.xctest */;
			productType = "com.apple.product-type.bundle.unit-test";
		};
		89960EFD212B0362002022CC /* 4.LimitInputTextUITests */ = {
			isa = PBXNativeTarget;
			buildConfigurationList = 89960F0D212B0362002022CC /* Build configuration list for PBXNativeTarget "4.LimitInputTextUITests" */;
			buildPhases = (
				89960EFA212B0362002022CC /* Sources */,
				89960EFB212B0362002022CC /* Frameworks */,
				89960EFC212B0362002022CC /* Resources */,
			);
			buildRules = (
			);
			dependencies = (
				89960F00212B0362002022CC /* PBXTargetDependency */,
			);
			name = 4.LimitInputTextUITests;
			productName = 4.LimitInputTextUITests;
			productReference = 89960EFE212B0362002022CC /* 4.LimitInputTextUITests.xctest */;
			productType = "com.apple.product-type.bundle.ui-testing";
		};
/* End PBXNativeTarget section */

/* Begin PBXProject section */
		89960ED7212B0361002022CC /* Project object */ = {
			isa = PBXProject;
			attributes = {
				LastSwiftUpdateCheck = 0940;
				LastUpgradeCheck = 0940;
				ORGANIZATIONNAME = "Lu Yunchi";
				TargetAttributes = {
					89960EDE212B0361002022CC = {
						CreatedOnToolsVersion = 9.4.1;
					};
					89960EF2212B0362002022CC = {
						CreatedOnToolsVersion = 9.4.1;
						TestTargetID = 89960EDE212B0361002022CC;
					};
					89960EFD212B0362002022CC = {
						CreatedOnToolsVersion = 9.4.1;
						TestTargetID = 89960EDE212B0361002022CC;
					};
				};
			};
			buildConfigurationList = 89960EDA212B0361002022CC /* Build configuration list for PBXProject "4.LimitInputText" */;
			compatibilityVersion = "Xcode 9.3";
			developmentRegion = en;
			hasScannedForEncodings = 0;
			knownRegions = (
				en,
				Base,
			);
			mainGroup = 89960ED6212B0361002022CC;
			productRefGroup = 89960EE0212B0361002022CC /* Products */;
			projectDirPath = "";
			projectRoot = "";
			targets = (
				89960EDE212B0361002022CC /* 4.LimitInputText */,
				89960EF2212B0362002022CC /* 4.LimitInputTextTests */,
				89960EFD212B0362002022CC /* 4.LimitInputTextUITests */,
			);
		};
/* End PBXProject section */

/* Begin PBXResourcesBuildPhase section */
		89960EDD212B0361002022CC /* Resources */ = {
			isa = PBXResourcesBuildPhase;
			buildActionMask = 2147483647;
			files = (
				89960EED212B0362002022CC /* LaunchScreen.storyboard in Resources */,
				89960EEA212B0362002022CC /* Assets.xcassets in Resources */,
				89960EE8212B0361002022CC /* Main.storyboard in Resources */,
				89960F11212B0A99002022CC /* xp.jpeg in Resources */,
			);
			runOnlyForDeploymentPostprocessing = 0;
		};
		89960EF1212B0362002022CC /* Resources */ = {
			isa = PBXResourcesBuildPhase;
			buildActionMask = 2147483647;
			files = (
			);
			runOnlyForDeploymentPostprocessing = 0;
		};
		89960EFC212B0362002022CC /* Resources */ = {
			isa = PBXResourcesBuildPhase;
			buildActionMask = 2147483647;
			files = (
			);
			runOnlyForDeploymentPostprocessing = 0;
		};
/* End PBXResourcesBuildPhase section */

/* Begin PBXSourcesBuildPhase section */
		89960EDB212B0361002022CC /* Sources */ = {
			isa = PBXSourcesBuildPhase;
			buildActionMask = 2147483647;
			files = (
				89960EE5212B0361002022CC /* ViewController.swift in Sources */,
				89960EE3212B0361002022CC /* AppDelegate.swift in Sources */,
			);
			runOnlyForDeploymentPostprocessing = 0;
		};
		89960EEF212B0362002022CC /* Sources */ = {
			isa = PBXSourcesBuildPhase;
			buildActionMask = 2147483647;
			files = (
				89960EF8212B0362002022CC /* __LimitInputTextTests.swift in Sources */,
			);
			runOnlyForDeploymentPostprocessing = 0;
		};
		89960EFA212B0362002022CC /* Sources */ = {
			isa = PBXSourcesBuildPhase;
			buildActionMask = 2147483647;
			files = (
				89960F03212B0362002022CC /* __LimitInputTextUITests.swift in Sources */,
			);
			runOnlyForDeploymentPostprocessing = 0;
		};
/* End PBXSourcesBuildPhase section */

/* Begin PBXTargetDependency section */
		89960EF5212B0362002022CC /* PBXTargetDependency */ = {
			isa = PBXTargetDependency;
			target = 89960EDE212B0361002022CC /* 4.LimitInputText */;
			targetProxy = 89960EF4212B0362002022CC /* PBXContainerItemProxy */;
		};
		89960F00212B0362002022CC /* PBXTargetDependency */ = {
			isa = PBXTargetDependency;
			target = 89960EDE212B0361002022CC /* 4.LimitInputText */;
			targetProxy = 89960EFF212B0362002022CC /* PBXContainerItemProxy */;
		};
/* End PBXTargetDependency section */

/* Begin PBXVariantGroup section */
		89960EE6212B0361002022CC /* Main.storyboard */ = {
			isa = PBXVariantGroup;
			children = (
				89960EE7212B0361002022CC /* Base */,
			);
			name = Main.storyboard;
			sourceTree = "<group>";
		};
		89960EEB212B0362002022CC /* LaunchScreen.storyboard */ = {
			isa = PBXVariantGroup;
			children = (
				89960EEC212B0362002022CC /* Base */,
			);
			name = LaunchScreen.storyboard;
			sourceTree = "<group>";
		};
/* End PBXVariantGroup section */

/* Begin XCBuildConfiguration section */
		89960F05212B0362002022CC /* Debug */ = {
			isa = XCBuildConfiguration;
			buildSettings = {
				ALWAYS_SEARCH_USER_PATHS = NO;
				CLANG_ANALYZER_NONNULL = YES;
				CLANG_ANALYZER_NUMBER_OBJECT_CONVERSION = YES_AGGRESSIVE;
				CLANG_CXX_LANGUAGE_STANDARD = "gnu++14";
				CLANG_CXX_LIBRARY = "libc++";
				CLANG_ENABLE_MODULES = YES;
				CLANG_ENABLE_OBJC_ARC = YES;
				CLANG_ENABLE_OBJC_WEAK = YES;
				CLANG_WARN_BLOCK_CAPTURE_AUTORELEASING = YES;
				CLANG_WARN_BOOL_CONVERSION = YES;
				CLANG_WARN_COMMA = YES;
				CLANG_WARN_CONSTANT_CONVERSION = YES;
				CLANG_WARN_DEPRECATED_OBJC_IMPLEMENTATIONS = YES;
				CLANG_WARN_DIRECT_OBJC_ISA_USAGE = YES_ERROR;
				CLANG_WARN_DOCUMENTATION_COMMENTS = YES;
				CLANG_WARN_EMPTY_BODY = YES;
				CLANG_WARN_ENUM_CONVERSION = YES;
				CLANG_WARN_INFINITE_RECURSION = YES;
				CLANG_WARN_INT_CONVERSION = YES;
				CLANG_WARN_NON_LITERAL_NULL_CONVERSION = YES;
				CLANG_WARN_OBJC_IMPLICIT_RETAIN_SELF = YES;
				CLANG_WARN_OBJC_LITERAL_CONVERSION = YES;
				CLANG_WARN_OBJC_ROOT_CLASS = YES_ERROR;
				CLANG_WARN_RANGE_LOOP_ANALYSIS = YES;
				CLANG_WARN_STRICT_PROTOTYPES = YES;
				CLANG_WARN_SUSPICIOUS_MOVE = YES;
				CLANG_WARN_UNGUARDED_AVAILABILITY = YES_AGGRESSIVE;
				CLANG_WARN_UNREACHABLE_CODE = YES;
				CLANG_WARN__DUPLICATE_METHOD_MATCH = YES;
				CODE_SIGN_IDENTITY = "iPhone Developer";
				COPY_PHASE_STRIP = NO;
				DEBUG_INFORMATION_FORMAT = dwarf;
				ENABLE_STRICT_OBJC_MSGSEND = YES;
				ENABLE_TESTABILITY = YES;
				GCC_C_LANGUAGE_STANDARD = gnu11;
				GCC_DYNAMIC_NO_PIC = NO;
				GCC_NO_COMMON_BLOCKS = YES;
				GCC_OPTIMIZATION_LEVEL = 0;
				GCC_PREPROCESSOR_DEFINITIONS = (
					"DEBUG=1",
					"$(inherited)",
				);
				GCC_WARN_64_TO_32_BIT_CONVERSION = YES;
				GCC_WARN_ABOUT_RETURN_TYPE = YES_ERROR;
				GCC_WARN_UNDECLARED_SELECTOR = YES;
				GCC_WARN_UNINITIALIZED_AUTOS = YES_AGGRESSIVE;
				GCC_WARN_UNUSED_FUNCTION = YES;
				GCC_WARN_UNUSED_VARIABLE = YES;
				IPHONEOS_DEPLOYMENT_TARGET = 11.4;
				MTL_ENABLE_DEBUG_INFO = YES;
				ONLY_ACTIVE_ARCH = YES;
				SDKROOT = iphoneos;
				SWIFT_ACTIVE_COMPILATION_CONDITIONS = DEBUG;
				SWIFT_OPTIMIZATION_LEVEL = "-Onone";
			};
			name = Debug;
		};
		89960F06212B0362002022CC /* Release */ = {
			isa = XCBuildConfiguration;
			buildSettings = {
				ALWAYS_SEARCH_USER_PATHS = NO;
				CLANG_ANALYZER_NONNULL = YES;
				CLANG_ANALYZER_NUMBER_OBJECT_CONVERSION = YES_AGGRESSIVE;
				CLANG_CXX_LANGUAGE_STANDARD = "gnu++14";
				CLANG_CXX_LIBRARY = "libc++";
				CLANG_ENABLE_MODULES = YES;
				CLANG_ENABLE_OBJC_ARC = YES;
				CLANG_ENABLE_OBJC_WEAK = YES;
				CLANG_WARN_BLOCK_CAPTURE_AUTORELEASING = YES;
				CLANG_WARN_BOOL_CONVERSION = YES;
				CLANG_WARN_COMMA = YES;
				CLANG_WARN_CONSTANT_CONVERSION = YES;
				CLANG_WARN_DEPRECATED_OBJC_IMPLEMENTATIONS = YES;
				CLANG_WARN_DIRECT_OBJC_ISA_USAGE = YES_ERROR;
				CLANG_WARN_DOCUMENTATION_COMMENTS = YES;
				CLANG_WARN_EMPTY_BODY = YES;
				CLANG_WARN_ENUM_CONVERSION = YES;
				CLANG_WARN_INFINITE_RECURSION = YES;
				CLANG_WARN_INT_CONVERSION = YES;
				CLANG_WARN_NON_LITERAL_NULL_CONVERSION = YES;
				CLANG_WARN_OBJC_IMPLICIT_RETAIN_SELF = YES;
				CLANG_WARN_OBJC_LITERAL_CONVERSION = YES;
				CLANG_WARN_OBJC_ROOT_CLASS = YES_ERROR;
				CLANG_WARN_RANGE_LOOP_ANALYSIS = YES;
				CLANG_WARN_STRICT_PROTOTYPES = YES;
				CLANG_WARN_SUSPICIOUS_MOVE = YES;
				CLANG_WARN_UNGUARDED_AVAILABILITY = YES_AGGRESSIVE;
				CLANG_WARN_UNREACHABLE_CODE = YES;
				CLANG_WARN__DUPLICATE_METHOD_MATCH = YES;
				CODE_SIGN_IDENTITY = "iPhone Developer";
				COPY_PHASE_STRIP = NO;
				DEBUG_INFORMATION_FORMAT = "dwarf-with-dsym";
				ENABLE_NS_ASSERTIONS = NO;
				ENABLE_STRICT_OBJC_MSGSEND = YES;
				GCC_C_LANGUAGE_STANDARD = gnu11;
				GCC_NO_COMMON_BLOCKS = YES;
				GCC_WARN_64_TO_32_BIT_CONVERSION = YES;
				GCC_WARN_ABOUT_RETURN_TYPE = YES_ERROR;
				GCC_WARN_UNDECLARED_SELECTOR = YES;
				GCC_WARN_UNINITIALIZED_AUTOS = YES_AGGRESSIVE;
				GCC_WARN_UNUSED_FUNCTION = YES;
				GCC_WARN_UNUSED_VARIABLE = YES;
				IPHONEOS_DEPLOYMENT_TARGET = 11.4;
				MTL_ENABLE_DEBUG_INFO = NO;
				SDKROOT = iphoneos;
				SWIFT_COMPILATION_MODE = wholemodule;
				SWIFT_OPTIMIZATION_LEVEL = "-O";
				VALIDATE_PRODUCT = YES;
			};
			name = Release;
		};
		89960F08212B0362002022CC /* Debug */ = {
			isa = XCBuildConfiguration;
			buildSettings = {
				ASSETCATALOG_COMPILER_APPICON_NAME = AppIcon;
				CODE_SIGN_STYLE = Automatic;
				INFOPLIST_FILE = 4.LimitInputText/Info.plist;
				LD_RUNPATH_SEARCH_PATHS = (
					"$(inherited)",
					"@executable_path/Frameworks",
				);
				PRODUCT_BUNDLE_IDENTIFIER = "LU.--LimitInputText";
				PRODUCT_NAME = "$(TARGET_NAME)";
				SWIFT_VERSION = 4.0;
				TARGETED_DEVICE_FAMILY = "1,2";
			};
			name = Debug;
		};
		89960F09212B0362002022CC /* Release */ = {
			isa = XCBuildConfiguration;
			buildSettings = {
				ASSETCATALOG_COMPILER_APPICON_NAME = AppIcon;
				CODE_SIGN_STYLE = Automatic;
				INFOPLIST_FILE = 4.LimitInputText/Info.plist;
				LD_RUNPATH_SEARCH_PATHS = (
					"$(inherited)",
					"@executable_path/Frameworks",
				);
				PRODUCT_BUNDLE_IDENTIFIER = "LU.--LimitInputText";
				PRODUCT_NAME = "$(TARGET_NAME)";
				SWIFT_VERSION = 4.0;
				TARGETED_DEVICE_FAMILY = "1,2";
			};
			name = Release;
		};
		89960F0B212B0362002022CC /* Debug */ = {
			isa = XCBuildConfiguration;
			buildSettings = {
				ALWAYS_EMBED_SWIFT_STANDARD_LIBRARIES = YES;
				BUNDLE_LOADER = "$(TEST_HOST)";
				CODE_SIGN_STYLE = Automatic;
				INFOPLIST_FILE = 4.LimitInputTextTests/Info.plist;
				LD_RUNPATH_SEARCH_PATHS = (
					"$(inherited)",
					"@executable_path/Frameworks",
					"@loader_path/Frameworks",
				);
				PRODUCT_BUNDLE_IDENTIFIER = "LU.--LimitInputTextTests";
				PRODUCT_NAME = "$(TARGET_NAME)";
				SWIFT_VERSION = 4.0;
				TARGETED_DEVICE_FAMILY = "1,2";
				TEST_HOST = "$(BUILT_PRODUCTS_DIR)/4.LimitInputText.app/4.LimitInputText";
			};
			name = Debug;
		};
		89960F0C212B0362002022CC /* Release */ = {
			isa = XCBuildConfiguration;
			buildSettings = {
				ALWAYS_EMBED_SWIFT_STANDARD_LIBRARIES = YES;
				BUNDLE_LOADER = "$(TEST_HOST)";
				CODE_SIGN_STYLE = Automatic;
				INFOPLIST_FILE = 4.LimitInputTextTests/Info.plist;
				LD_RUNPATH_SEARCH_PATHS = (
					"$(inherited)",
					"@executable_path/Frameworks",
					"@loader_path/Frameworks",
				);
				PRODUCT_BUNDLE_IDENTIFIER = "LU.--LimitInputTextTests";
				PRODUCT_NAME = "$(TARGET_NAME)";
				SWIFT_VERSION = 4.0;
				TARGETED_DEVICE_FAMILY = "1,2";
				TEST_HOST = "$(BUILT_PRODUCTS_DIR)/4.LimitInputText.app/4.LimitInputText";
			};
			name = Release;
		};
		89960F0E212B0362002022CC /* Debug */ = {
			isa = XCBuildConfiguration;
			buildSettings = {
				ALWAYS_EMBED_SWIFT_STANDARD_LIBRARIES = YES;
				CODE_SIGN_STYLE = Automatic;
				INFOPLIST_FILE = 4.LimitInputTextUITests/Info.plist;
				LD_RUNPATH_SEARCH_PATHS = (
					"$(inherited)",
					"@executable_path/Frameworks",
					"@loader_path/Frameworks",
				);
				PRODUCT_BUNDLE_IDENTIFIER = "LU.--LimitInputTextUITests";
				PRODUCT_NAME = "$(TARGET_NAME)";
				SWIFT_VERSION = 4.0;
				TARGETED_DEVICE_FAMILY = "1,2";
				TEST_TARGET_NAME = 4.LimitInputText;
			};
			name = Debug;
		};
		89960F0F212B0362002022CC /* Release */ = {
			isa = XCBuildConfiguration;
			buildSettings = {
				ALWAYS_EMBED_SWIFT_STANDARD_LIBRARIES = YES;
				CODE_SIGN_STYLE = Automatic;
				INFOPLIST_FILE = 4.LimitInputTextUITests/Info.plist;
				LD_RUNPATH_SEARCH_PATHS = (
					"$(inherited)",
					"@executable_path/Frameworks",
					"@loader_path/Frameworks",
				);
				PRODUCT_BUNDLE_IDENTIFIER = "LU.--LimitInputTextUITests";
				PRODUCT_NAME = "$(TARGET_NAME)";
				SWIFT_VERSION = 4.0;
				TARGETED_DEVICE_FAMILY = "1,2";
				TEST_TARGET_NAME = 4.LimitInputText;
			};
			name = Release;
		};
/* End XCBuildConfiguration section */

/* Begin XCConfigurationList section */
		89960EDA212B0361002022CC /* Build configuration list for PBXProject "4.LimitInputText" */ = {
			isa = XCConfigurationList;
			buildConfigurations = (
				89960F05212B0362002022CC /* Debug */,
				89960F06212B0362002022CC /* Release */,
			);
			defaultConfigurationIsVisible = 0;
			defaultConfigurationName = Release;
		};
		89960F07212B0362002022CC /* Build configuration list for PBXNativeTarget "4.LimitInputText" */ = {
			isa = XCConfigurationList;
			buildConfigurations = (
				89960F08212B0362002022CC /* Debug */,
				89960F09212B0362002022CC /* Release */,
			);
			defaultConfigurationIsVisible = 0;
			defaultConfigurationName = Release;
		};
		89960F0A212B0362002022CC /* Build configuration list for PBXNativeTarget "4.LimitInputTextTests" */ = {
			isa = XCConfigurationList;
			buildConfigurations = (
				89960F0B212B0362002022CC /* Debug */,
				89960F0C212B0362002022CC /* Release */,
			);
			defaultConfigurationIsVisible = 0;
			defaultConfigurationName = Release;
		};
		89960F0D212B0362002022CC /* Build configuration list for PBXNativeTarget "4.LimitInputTextUITests" */ = {
			isa = XCConfigurationList;
			buildConfigurations = (
				89960F0E212B0362002022CC /* Debug */,
				89960F0F212B0362002022CC /* Release */,
			);
			defaultConfigurationIsVisible = 0;
			defaultConfigurationName = Release;
		};
/* End XCConfigurationList section */
	};
	rootObject = 89960ED7212B0361002022CC /* Project object */;
}
