// !$*UTF8*$!
{
	archiveVersion = 1;
	classes = {
	};
	objectVersion = 50;
	objects = {

/* Begin PBXBuildFile section */
		89444E7B2141750600636D33 /* AppDelegate.swift in Sources */ = {isa = PBXBuildFile; fileRef = 89444E7A2141750600636D33 /* AppDelegate.swift */; };
		89444E7D2141750600636D33 /* ViewController.swift in Sources */ = {isa = PBXBuildFile; fileRef = 89444E7C2141750600636D33 /* ViewController.swift */; };
		89444E802141750600636D33 /* Main.storyboard in Resources */ = {isa = PBXBuildFile; fileRef = 89444E7E2141750600636D33 /* Main.storyboard */; };
		89444E822141750700636D33 /* Assets.xcassets in Resources */ = {isa = PBXBuildFile; fileRef = 89444E812141750700636D33 /* Assets.xcassets */; };
		89444E852141750700636D33 /* LaunchScreen.storyboard in Resources */ = {isa = PBXBuildFile; fileRef = 89444E832141750700636D33 /* LaunchScreen.storyboard */; };
		89444E902141750700636D33 /* __ColorGradientExeTests.swift in Sources */ = {isa = PBXBuildFile; fileRef = 89444E8F2141750700636D33 /* __ColorGradientExeTests.swift */; };
		89444E9B2141750700636D33 /* __ColorGradientExeUITests.swift in Sources */ = {isa = PBXBuildFile; fileRef = 89444E9A2141750700636D33 /* __ColorGradientExeUITests.swift */; };
/* End PBXBuildFile section */

/* Begin PBXContainerItemProxy section */
		89444E8C2141750700636D33 /* PBXContainerItemProxy */ = {
			isa = PBXContainerItemProxy;
			containerPortal = 89444E6F2141750500636D33 /* Project object */;
			proxyType = 1;
			remoteGlobalIDString = 89444E762141750600636D33;
			remoteInfo = 7.ColorGradientExe;
		};
		89444E972141750700636D33 /* PBXContainerItemProxy */ = {
			isa = PBXContainerItemProxy;
			containerPortal = 89444E6F2141750500636D33 /* Project object */;
			proxyType = 1;
			remoteGlobalIDString = 89444E762141750600636D33;
			remoteInfo = 7.ColorGradientExe;
		};
/* End PBXContainerItemProxy section */

/* Begin PBXFileReference section */
		89444E772141750600636D33 /* 7.ColorGradientExe.app */ = {isa = PBXFileReference; explicitFileType = wrapper.application; includeInIndex = 0; path = 7.ColorGradientExe.app; sourceTree = BUILT_PRODUCTS_DIR; };
		89444E7A2141750600636D33 /* AppDelegate.swift */ = {isa = PBXFileReference; lastKnownFileType = sourcecode.swift; path = AppDelegate.swift; sourceTree = "<group>"; };
		89444E7C2141750600636D33 /* ViewController.swift */ = {isa = PBXFileReference; lastKnownFileType = sourcecode.swift; path = ViewController.swift; sourceTree = "<group>"; };
		89444E7F2141750600636D33 /* Base */ = {isa = PBXFileReference; lastKnownFileType = file.storyboard; name = Base; path = Base.lproj/Main.storyboard; sourceTree = "<group>"; };
		89444E812141750700636D33 /* Assets.xcassets */ = {isa = PBXFileReference; lastKnownFileType = folder.assetcatalog; path = Assets.xcassets; sourceTree = "<group>"; };
		89444E842141750700636D33 /* Base */ = {isa = PBXFileReference; lastKnownFileType = file.storyboard; name = Base; path = Base.lproj/LaunchScreen.storyboard; sourceTree = "<group>"; };
		89444E862141750700636D33 /* Info.plist */ = {isa = PBXFileReference; lastKnownFileType = text.plist.xml; path = Info.plist; sourceTree = "<group>"; };
		89444E8B2141750700636D33 /* 7.ColorGradientExeTests.xctest */ = {isa = PBXFileReference; explicitFileType = wrapper.cfbundle; includeInIndex = 0; path = 7.ColorGradientExeTests.xctest; sourceTree = BUILT_PRODUCTS_DIR; };
		89444E8F2141750700636D33 /* __ColorGradientExeTests.swift */ = {isa = PBXFileReference; lastKnownFileType = sourcecode.swift; path = __ColorGradientExeTests.swift; sourceTree = "<group>"; };
		89444E912141750700636D33 /* Info.plist */ = {isa = PBXFileReference; lastKnownFileType = text.plist.xml; path = Info.plist; sourceTree = "<group>"; };
		89444E962141750700636D33 /* 7.ColorGradientExeUITests.xctest */ = {isa = PBXFileReference; explicitFileType = wrapper.cfbundle; includeInIndex = 0; path = 7.ColorGradientExeUITests.xctest; sourceTree = BUILT_PRODUCTS_DIR; };
		89444E9A2141750700636D33 /* __ColorGradientExeUITests.swift */ = {isa = PBXFileReference; lastKnownFileType = sourcecode.swift; path = __ColorGradientExeUITests.swift; sourceTree = "<group>"; };
		89444E9C2141750700636D33 /* Info.plist */ = {isa = PBXFileReference; lastKnownFileType = text.plist.xml; path = Info.plist; sourceTree = "<group>"; };
/* End PBXFileReference section */

/* Begin PBXFrameworksBuildPhase section */
		89444E742141750600636D33 /* Frameworks */ = {
			isa = PBXFrameworksBuildPhase;
			buildActionMask = 2147483647;
			files = (
			);
			runOnlyForDeploymentPostprocessing = 0;
		};
		89444E882141750700636D33 /* Frameworks */ = {
			isa = PBXFrameworksBuildPhase;
			buildActionMask = 2147483647;
			files = (
			);
			runOnlyForDeploymentPostprocessing = 0;
		};
		89444E932141750700636D33 /* Frameworks */ = {
			isa = PBXFrameworksBuildPhase;
			buildActionMask = 2147483647;
			files = (
			);
			runOnlyForDeploymentPostprocessing = 0;
		};
/* End PBXFrameworksBuildPhase section */

/* Begin PBXGroup section */
		89444E6E2141750500636D33 = {
			isa = PBXGroup;
			children = (
				89444E792141750600636D33 /* 7.ColorGradientExe */,
				89444E8E2141750700636D33 /* 7.ColorGradientExeTests */,
				89444E992141750700636D33 /* 7.ColorGradientExeUITests */,
				89444E782141750600636D33 /* Products */,
			);
			sourceTree = "<group>";
		};
		89444E782141750600636D33 /* Products */ = {
			isa = PBXGroup;
			children = (
				89444E772141750600636D33 /* 7.ColorGradientExe.app */,
				89444E8B2141750700636D33 /* 7.ColorGradientExeTests.xctest */,
				89444E962141750700636D33 /* 7.ColorGradientExeUITests.xctest */,
			);
			name = Products;
			sourceTree = "<group>";
		};
		89444E792141750600636D33 /* 7.ColorGradientExe */ = {
			isa = PBXGroup;
			children = (
				89444E7A2141750600636D33 /* AppDelegate.swift */,
				89444E7C2141750600636D33 /* ViewController.swift */,
				89444E7E2141750600636D33 /* Main.storyboard */,
				89444E812141750700636D33 /* Assets.xcassets */,
				89444E832141750700636D33 /* LaunchScreen.storyboard */,
				89444E862141750700636D33 /* Info.plist */,
			);
			path = 7.ColorGradientExe;
			sourceTree = "<group>";
		};
		89444E8E2141750700636D33 /* 7.ColorGradientExeTests */ = {
			isa = PBXGroup;
			children = (
				89444E8F2141750700636D33 /* __ColorGradientExeTests.swift */,
				89444E912141750700636D33 /* Info.plist */,
			);
			path = 7.ColorGradientExeTests;
			sourceTree = "<group>";
		};
		89444E992141750700636D33 /* 7.ColorGradientExeUITests */ = {
			isa = PBXGroup;
			children = (
				89444E9A2141750700636D33 /* __ColorGradientExeUITests.swift */,
				89444E9C2141750700636D33 /* Info.plist */,
			);
			path = 7.ColorGradientExeUITests;
			sourceTree = "<group>";
		};
/* End PBXGroup section */

/* Begin PBXNativeTarget section */
		89444E762141750600636D33 /* 7.ColorGradientExe */ = {
			isa = PBXNativeTarget;
			buildConfigurationList = 89444E9F2141750700636D33 /* Build configuration list for PBXNativeTarget "7.ColorGradientExe" */;
			buildPhases = (
				89444E732141750600636D33 /* Sources */,
				89444E742141750600636D33 /* Frameworks */,
				89444E752141750600636D33 /* Resources */,
			);
			buildRules = (
			);
			dependencies = (
			);
			name = 7.ColorGradientExe;
			productName = 7.ColorGradientExe;
			productReference = 89444E772141750600636D33 /* 7.ColorGradientExe.app */;
			productType = "com.apple.product-type.application";
		};
		89444E8A2141750700636D33 /* 7.ColorGradientExeTests */ = {
			isa = PBXNativeTarget;
			buildConfigurationList = 89444EA22141750700636D33 /* Build configuration list for PBXNativeTarget "7.ColorGradientExeTests" */;
			buildPhases = (
				89444E872141750700636D33 /* Sources */,
				89444E882141750700636D33 /* Frameworks */,
				89444E892141750700636D33 /* Resources */,
			);
			buildRules = (
			);
			dependencies = (
				89444E8D2141750700636D33 /* PBXTargetDependency */,
			);
			name = 7.ColorGradientExeTests;
			productName = 7.ColorGradientExeTests;
			productReference = 89444E8B2141750700636D33 /* 7.ColorGradientExeTests.xctest */;
			productType = "com.apple.product-type.bundle.unit-test";
		};
		89444E952141750700636D33 /* 7.ColorGradientExeUITests */ = {
			isa = PBXNativeTarget;
			buildConfigurationList = 89444EA52141750700636D33 /* Build configuration list for PBXNativeTarget "7.ColorGradientExeUITests" */;
			buildPhases = (
				89444E922141750700636D33 /* Sources */,
				89444E932141750700636D33 /* Frameworks */,
				89444E942141750700636D33 /* Resources */,
			);
			buildRules = (
			);
			dependencies = (
				89444E982141750700636D33 /* PBXTargetDependency */,
			);
			name = 7.ColorGradientExeUITests;
			productName = 7.ColorGradientExeUITests;
			productReference = 89444E962141750700636D33 /* 7.ColorGradientExeUITests.xctest */;
			productType = "com.apple.product-type.bundle.ui-testing";
		};
/* End PBXNativeTarget section */

/* Begin PBXProject section */
		89444E6F2141750500636D33 /* Project object */ = {
			isa = PBXProject;
			attributes = {
				LastSwiftUpdateCheck = 0940;
				LastUpgradeCheck = 0940;
				ORGANIZATIONNAME = "Lu Yunchi";
				TargetAttributes = {
					89444E762141750600636D33 = {
						CreatedOnToolsVersion = 9.4.1;
					};
					89444E8A2141750700636D33 = {
						CreatedOnToolsVersion = 9.4.1;
						TestTargetID = 89444E762141750600636D33;
					};
					89444E952141750700636D33 = {
						CreatedOnToolsVersion = 9.4.1;
						TestTargetID = 89444E762141750600636D33;
					};
				};
			};
			buildConfigurationList = 89444E722141750500636D33 /* Build configuration list for PBXProject "7.ColorGradientExe" */;
			compatibilityVersion = "Xcode 9.3";
			developmentRegion = en;
			hasScannedForEncodings = 0;
			knownRegions = (
				en,
				Base,
			);
			mainGroup = 89444E6E2141750500636D33;
			productRefGroup = 89444E782141750600636D33 /* Products */;
			projectDirPath = "";
			projectRoot = "";
			targets = (
				89444E762141750600636D33 /* 7.ColorGradientExe */,
				89444E8A2141750700636D33 /* 7.ColorGradientExeTests */,
				89444E952141750700636D33 /* 7.ColorGradientExeUITests */,
			);
		};
/* End PBXProject section */

/* Begin PBXResourcesBuildPhase section */
		89444E752141750600636D33 /* Resources */ = {
			isa = PBXResourcesBuildPhase;
			buildActionMask = 2147483647;
			files = (
				89444E852141750700636D33 /* LaunchScreen.storyboard in Resources */,
				89444E822141750700636D33 /* Assets.xcassets in Resources */,
				89444E802141750600636D33 /* Main.storyboard in Resources */,
			);
			runOnlyForDeploymentPostprocessing = 0;
		};
		89444E892141750700636D33 /* Resources */ = {
			isa = PBXResourcesBuildPhase;
			buildActionMask = 2147483647;
			files = (
			);
			runOnlyForDeploymentPostprocessing = 0;
		};
		89444E942141750700636D33 /* Resources */ = {
			isa = PBXResourcesBuildPhase;
			buildActionMask = 2147483647;
			files = (
			);
			runOnlyForDeploymentPostprocessing = 0;
		};
/* End PBXResourcesBuildPhase section */

/* Begin PBXSourcesBuildPhase section */
		89444E732141750600636D33 /* Sources */ = {
			isa = PBXSourcesBuildPhase;
			buildActionMask = 2147483647;
			files = (
				89444E7D2141750600636D33 /* ViewController.swift in Sources */,
				89444E7B2141750600636D33 /* AppDelegate.swift in Sources */,
			);
			runOnlyForDeploymentPostprocessing = 0;
		};
		89444E872141750700636D33 /* Sources */ = {
			isa = PBXSourcesBuildPhase;
			buildActionMask = 2147483647;
			files = (
				89444E902141750700636D33 /* __ColorGradientExeTests.swift in Sources */,
			);
			runOnlyForDeploymentPostprocessing = 0;
		};
		89444E922141750700636D33 /* Sources */ = {
			isa = PBXSourcesBuildPhase;
			buildActionMask = 2147483647;
			files = (
				89444E9B2141750700636D33 /* __ColorGradientExeUITests.swift in Sources */,
			);
			runOnlyForDeploymentPostprocessing = 0;
		};
/* End PBXSourcesBuildPhase section */

/* Begin PBXTargetDependency section */
		89444E8D2141750700636D33 /* PBXTargetDependency */ = {
			isa = PBXTargetDependency;
			target = 89444E762141750600636D33 /* 7.ColorGradientExe */;
			targetProxy = 89444E8C2141750700636D33 /* PBXContainerItemProxy */;
		};
		89444E982141750700636D33 /* PBXTargetDependency */ = {
			isa = PBXTargetDependency;
			target = 89444E762141750600636D33 /* 7.ColorGradientExe */;
			targetProxy = 89444E972141750700636D33 /* PBXContainerItemProxy */;
		};
/* End PBXTargetDependency section */

/* Begin PBXVariantGroup section */
		89444E7E2141750600636D33 /* Main.storyboard */ = {
			isa = PBXVariantGroup;
			children = (
				89444E7F2141750600636D33 /* Base */,
			);
			name = Main.storyboard;
			sourceTree = "<group>";
		};
		89444E832141750700636D33 /* LaunchScreen.storyboard */ = {
			isa = PBXVariantGroup;
			children = (
				89444E842141750700636D33 /* Base */,
			);
			name = LaunchScreen.storyboard;
			sourceTree = "<group>";
		};
/* End PBXVariantGroup section */

/* Begin XCBuildConfiguration section */
		89444E9D2141750700636D33 /* Debug */ = {
			isa = XCBuildConfiguration;
			buildSettings = {
				ALWAYS_SEARCH_USER_PATHS = NO;
				CLANG_ANALYZER_NONNULL = YES;
				CLANG_ANALYZER_NUMBER_OBJECT_CONVERSION = YES_AGGRESSIVE;
				CLANG_CXX_LANGUAGE_STANDARD = "gnu++14";
				CLANG_CXX_LIBRARY = "libc++";
				CLANG_ENABLE_MODULES = YES;
				CLANG_ENABLE_OBJC_ARC = YES;
				CLANG_ENABLE_OBJC_WEAK = YES;
				CLANG_WARN_BLOCK_CAPTURE_AUTORELEASING = YES;
				CLANG_WARN_BOOL_CONVERSION = YES;
				CLANG_WARN_COMMA = YES;
				CLANG_WARN_CONSTANT_CONVERSION = YES;
				CLANG_WARN_DEPRECATED_OBJC_IMPLEMENTATIONS = YES;
				CLANG_WARN_DIRECT_OBJC_ISA_USAGE = YES_ERROR;
				CLANG_WARN_DOCUMENTATION_COMMENTS = YES;
				CLANG_WARN_EMPTY_BODY = YES;
				CLANG_WARN_ENUM_CONVERSION = YES;
				CLANG_WARN_INFINITE_RECURSION = YES;
				CLANG_WARN_INT_CONVERSION = YES;
				CLANG_WARN_NON_LITERAL_NULL_CONVERSION = YES;
				CLANG_WARN_OBJC_IMPLICIT_RETAIN_SELF = YES;
				CLANG_WARN_OBJC_LITERAL_CONVERSION = YES;
				CLANG_WARN_OBJC_ROOT_CLASS = YES_ERROR;
				CLANG_WARN_RANGE_LOOP_ANALYSIS = YES;
				CLANG_WARN_STRICT_PROTOTYPES = YES;
				CLANG_WARN_SUSPICIOUS_MOVE = YES;
				CLANG_WARN_UNGUARDED_AVAILABILITY = YES_AGGRESSIVE;
				CLANG_WARN_UNREACHABLE_CODE = YES;
				CLANG_WARN__DUPLICATE_METHOD_MATCH = YES;
				CODE_SIGN_IDENTITY = "iPhone Developer";
				COPY_PHASE_STRIP = NO;
				DEBUG_INFORMATION_FORMAT = dwarf;
				ENABLE_STRICT_OBJC_MSGSEND = YES;
				ENABLE_TESTABILITY = YES;
				GCC_C_LANGUAGE_STANDARD = gnu11;
				GCC_DYNAMIC_NO_PIC = NO;
				GCC_NO_COMMON_BLOCKS = YES;
				GCC_OPTIMIZATION_LEVEL = 0;
				GCC_PREPROCESSOR_DEFINITIONS = (
					"DEBUG=1",
					"$(inherited)",
				);
				GCC_WARN_64_TO_32_BIT_CONVERSION = YES;
				GCC_WARN_ABOUT_RETURN_TYPE = YES_ERROR;
				GCC_WARN_UNDECLARED_SELECTOR = YES;
				GCC_WARN_UNINITIALIZED_AUTOS = YES_AGGRESSIVE;
				GCC_WARN_UNUSED_FUNCTION = YES;
				GCC_WARN_UNUSED_VARIABLE = YES;
				IPHONEOS_DEPLOYMENT_TARGET = 11.4;
				MTL_ENABLE_DEBUG_INFO = YES;
				ONLY_ACTIVE_ARCH = YES;
				SDKROOT = iphoneos;
				SWIFT_ACTIVE_COMPILATION_CONDITIONS = DEBUG;
				SWIFT_OPTIMIZATION_LEVEL = "-Onone";
			};
			name = Debug;
		};
		89444E9E2141750700636D33 /* Release */ = {
			isa = XCBuildConfiguration;
			buildSettings = {
				ALWAYS_SEARCH_USER_PATHS = NO;
				CLANG_ANALYZER_NONNULL = YES;
				CLANG_ANALYZER_NUMBER_OBJECT_CONVERSION = YES_AGGRESSIVE;
				CLANG_CXX_LANGUAGE_STANDARD = "gnu++14";
				CLANG_CXX_LIBRARY = "libc++";
				CLANG_ENABLE_MODULES = YES;
				CLANG_ENABLE_OBJC_ARC = YES;
				CLANG_ENABLE_OBJC_WEAK = YES;
				CLANG_WARN_BLOCK_CAPTURE_AUTORELEASING = YES;
				CLANG_WARN_BOOL_CONVERSION = YES;
				CLANG_WARN_COMMA = YES;
				CLANG_WARN_CONSTANT_CONVERSION = YES;
				CLANG_WARN_DEPRECATED_OBJC_IMPLEMENTATIONS = YES;
				CLANG_WARN_DIRECT_OBJC_ISA_USAGE = YES_ERROR;
				CLANG_WARN_DOCUMENTATION_COMMENTS = YES;
				CLANG_WARN_EMPTY_BODY = YES;
				CLANG_WARN_ENUM_CONVERSION = YES;
				CLANG_WARN_INFINITE_RECURSION = YES;
				CLANG_WARN_INT_CONVERSION = YES;
				CLANG_WARN_NON_LITERAL_NULL_CONVERSION = YES;
				CLANG_WARN_OBJC_IMPLICIT_RETAIN_SELF = YES;
				CLANG_WARN_OBJC_LITERAL_CONVERSION = YES;
				CLANG_WARN_OBJC_ROOT_CLASS = YES_ERROR;
				CLANG_WARN_RANGE_LOOP_ANALYSIS = YES;
				CLANG_WARN_STRICT_PROTOTYPES = YES;
				CLANG_WARN_SUSPICIOUS_MOVE = YES;
				CLANG_WARN_UNGUARDED_AVAILABILITY = YES_AGGRESSIVE;
				CLANG_WARN_UNREACHABLE_CODE = YES;
				CLANG_WARN__DUPLICATE_METHOD_MATCH = YES;
				CODE_SIGN_IDENTITY = "iPhone Developer";
				COPY_PHASE_STRIP = NO;
				DEBUG_INFORMATION_FORMAT = "dwarf-with-dsym";
				ENABLE_NS_ASSERTIONS = NO;
				ENABLE_STRICT_OBJC_MSGSEND = YES;
				GCC_C_LANGUAGE_STANDARD = gnu11;
				GCC_NO_COMMON_BLOCKS = YES;
				GCC_WARN_64_TO_32_BIT_CONVERSION = YES;
				GCC_WARN_ABOUT_RETURN_TYPE = YES_ERROR;
				GCC_WARN_UNDECLARED_SELECTOR = YES;
				GCC_WARN_UNINITIALIZED_AUTOS = YES_AGGRESSIVE;
				GCC_WARN_UNUSED_FUNCTION = YES;
				GCC_WARN_UNUSED_VARIABLE = YES;
				IPHONEOS_DEPLOYMENT_TARGET = 11.4;
				MTL_ENABLE_DEBUG_INFO = NO;
				SDKROOT = iphoneos;
				SWIFT_COMPILATION_MODE = wholemodule;
				SWIFT_OPTIMIZATION_LEVEL = "-O";
				VALIDATE_PRODUCT = YES;
			};
			name = Release;
		};
		89444EA02141750700636D33 /* Debug */ = {
			isa = XCBuildConfiguration;
			buildSettings = {
				ASSETCATALOG_COMPILER_APPICON_NAME = AppIcon;
				CODE_SIGN_STYLE = Automatic;
				DEVELOPMENT_TEAM = 5B2NUM3ZS4;
				INFOPLIST_FILE = 7.ColorGradientExe/Info.plist;
				LD_RUNPATH_SEARCH_PATHS = (
					"$(inherited)",
					"@executable_path/Frameworks",
				);
				PRODUCT_BUNDLE_IDENTIFIER = "LU.--ColorGradientExe";
				PRODUCT_NAME = "$(TARGET_NAME)";
				SWIFT_VERSION = 4.0;
				TARGETED_DEVICE_FAMILY = "1,2";
			};
			name = Debug;
		};
		89444EA12141750700636D33 /* Release */ = {
			isa = XCBuildConfiguration;
			buildSettings = {
				ASSETCATALOG_COMPILER_APPICON_NAME = AppIcon;
				CODE_SIGN_STYLE = Automatic;
				DEVELOPMENT_TEAM = 5B2NUM3ZS4;
				INFOPLIST_FILE = 7.ColorGradientExe/Info.plist;
				LD_RUNPATH_SEARCH_PATHS = (
					"$(inherited)",
					"@executable_path/Frameworks",
				);
				PRODUCT_BUNDLE_IDENTIFIER = "LU.--ColorGradientExe";
				PRODUCT_NAME = "$(TARGET_NAME)";
				SWIFT_VERSION = 4.0;
				TARGETED_DEVICE_FAMILY = "1,2";
			};
			name = Release;
		};
		89444EA32141750700636D33 /* Debug */ = {
			isa = XCBuildConfiguration;
			buildSettings = {
				ALWAYS_EMBED_SWIFT_STANDARD_LIBRARIES = YES;
				BUNDLE_LOADER = "$(TEST_HOST)";
				CODE_SIGN_STYLE = Automatic;
				DEVELOPMENT_TEAM = 5B2NUM3ZS4;
				INFOPLIST_FILE = 7.ColorGradientExeTests/Info.plist;
				LD_RUNPATH_SEARCH_PATHS = (
					"$(inherited)",
					"@executable_path/Frameworks",
					"@loader_path/Frameworks",
				);
				PRODUCT_BUNDLE_IDENTIFIER = "LU.--ColorGradientExeTests";
				PRODUCT_NAME = "$(TARGET_NAME)";
				SWIFT_VERSION = 4.0;
				TARGETED_DEVICE_FAMILY = "1,2";
				TEST_HOST = "$(BUILT_PRODUCTS_DIR)/7.ColorGradientExe.app/7.ColorGradientExe";
			};
			name = Debug;
		};
		89444EA42141750700636D33 /* Release */ = {
			isa = XCBuildConfiguration;
			buildSettings = {
				ALWAYS_EMBED_SWIFT_STANDARD_LIBRARIES = YES;
				BUNDLE_LOADER = "$(TEST_HOST)";
				CODE_SIGN_STYLE = Automatic;
				DEVELOPMENT_TEAM = 5B2NUM3ZS4;
				INFOPLIST_FILE = 7.ColorGradientExeTests/Info.plist;
				LD_RUNPATH_SEARCH_PATHS = (
					"$(inherited)",
					"@executable_path/Frameworks",
					"@loader_path/Frameworks",
				);
				PRODUCT_BUNDLE_IDENTIFIER = "LU.--ColorGradientExeTests";
				PRODUCT_NAME = "$(TARGET_NAME)";
				SWIFT_VERSION = 4.0;
				TARGETED_DEVICE_FAMILY = "1,2";
				TEST_HOST = "$(BUILT_PRODUCTS_DIR)/7.ColorGradientExe.app/7.ColorGradientExe";
			};
			name = Release;
		};
		89444EA62141750700636D33 /* Debug */ = {
			isa = XCBuildConfiguration;
			buildSettings = {
				ALWAYS_EMBED_SWIFT_STANDARD_LIBRARIES = YES;
				CODE_SIGN_STYLE = Automatic;
				DEVELOPMENT_TEAM = 5B2NUM3ZS4;
				INFOPLIST_FILE = 7.ColorGradientExeUITests/Info.plist;
				LD_RUNPATH_SEARCH_PATHS = (
					"$(inherited)",
					"@executable_path/Frameworks",
					"@loader_path/Frameworks",
				);
				PRODUCT_BUNDLE_IDENTIFIER = "LU.--ColorGradientExeUITests";
				PRODUCT_NAME = "$(TARGET_NAME)";
				SWIFT_VERSION = 4.0;
				TARGETED_DEVICE_FAMILY = "1,2";
				TEST_TARGET_NAME = 7.ColorGradientExe;
			};
			name = Debug;
		};
		89444EA72141750700636D33 /* Release */ = {
			isa = XCBuildConfiguration;
			buildSettings = {
				ALWAYS_EMBED_SWIFT_STANDARD_LIBRARIES = YES;
				CODE_SIGN_STYLE = Automatic;
				DEVELOPMENT_TEAM = 5B2NUM3ZS4;
				INFOPLIST_FILE = 7.ColorGradientExeUITests/Info.plist;
				LD_RUNPATH_SEARCH_PATHS = (
					"$(inherited)",
					"@executable_path/Frameworks",
					"@loader_path/Frameworks",
				);
				PRODUCT_BUNDLE_IDENTIFIER = "LU.--ColorGradientExeUITests";
				PRODUCT_NAME = "$(TARGET_NAME)";
				SWIFT_VERSION = 4.0;
				TARGETED_DEVICE_FAMILY = "1,2";
				TEST_TARGET_NAME = 7.ColorGradientExe;
			};
			name = Release;
		};
/* End XCBuildConfiguration section */

/* Begin XCConfigurationList section */
		89444E722141750500636D33 /* Build configuration list for PBXProject "7.ColorGradientExe" */ = {
			isa = XCConfigurationList;
			buildConfigurations = (
				89444E9D2141750700636D33 /* Debug */,
				89444E9E2141750700636D33 /* Release */,
			);
			defaultConfigurationIsVisible = 0;
			defaultConfigurationName = Release;
		};
		89444E9F2141750700636D33 /* Build configuration list for PBXNativeTarget "7.ColorGradientExe" */ = {
			isa = XCConfigurationList;
			buildConfigurations = (
				89444EA02141750700636D33 /* Debug */,
				89444EA12141750700636D33 /* Release */,
			);
			defaultConfigurationIsVisible = 0;
			defaultConfigurationName = Release;
		};
		89444EA22141750700636D33 /* Build configuration list for PBXNativeTarget "7.ColorGradientExeTests" */ = {
			isa = XCConfigurationList;
			buildConfigurations = (
				89444EA32141750700636D33 /* Debug */,
				89444EA42141750700636D33 /* Release */,
			);
			defaultConfigurationIsVisible = 0;
			defaultConfigurationName = Release;
		};
		89444EA52141750700636D33 /* Build configuration list for PBXNativeTarget "7.ColorGradientExeUITests" */ = {
			isa = XCConfigurationList;
			buildConfigurations = (
				89444EA62141750700636D33 /* Debug */,
				89444EA72141750700636D33 /* Release */,
			);
			defaultConfigurationIsVisible = 0;
			defaultConfigurationName = Release;
		};
/* End XCConfigurationList section */
	};
	rootObject = 89444E6F2141750500636D33 /* Project object */;
}
